github.com/onweru/compose v0.0.0-20201006150935-3c1a2b1a5808 h1:6eVMm+cuEWeCodoHVzfjPc1+BOJMvm7boxrsXSMcbBg=
github.com/onweru/compose v0.0.0-20201006150935-3c1a2b1a5808/go.mod h1:tf1kQIBUcwJ/3mRFU5eiMrMvsDScVTK2IEFsZE3hZOc=
github.com/onweru/compose v0.0.0-20201008112336-b33efbb800d7 h1:tAyTSeyByfv2gPaqUrYi0kk0Z9jLTkAz24iSqLsotaA=
github.com/onweru/compose v0.0.0-20201008112336-b33efbb800d7/go.mod h1:tf1kQIBUcwJ/3mRFU5eiMrMvsDScVTK2IEFsZE3hZOc=
github.com/onweru/compose v0.0.0-20201008113335-f8b4b41a58e2 h1:ua3fH27PUIwBdNecKga2AlR7lb8T02G6bFpG0zRVQWo=
github.com/onweru/compose v0.0.0-20201008113335-f8b4b41a58e2/go.mod h1:tf1kQIBUcwJ/3mRFU5eiMrMvsDScVTK2IEFsZE3hZOc=
github.com/onweru/compose v0.0.0-20201008113650-083ed55849e2 h1:CW7Im/HLzVyhSfNekGgHZerjbZxcp+bruuCf6eIvXJs=
github.com/onweru/compose v0.0.0-20201008113650-083ed55849e2/go.mod h1:tf1kQIBUcwJ/3mRFU5eiMrMvsDScVTK2IEFsZE3hZOc=
github.com/onweru/compose v0.0.0-20201008121227-97c178d80698 h1:STvi40vd1rZCTLzB5KaJKuxdm1gefZ+MbMXgy2XA8uQ=
github.com/onweru/compose v0.0.0-20201008121227-97c178d80698/go.mod h1:tf1kQIBUcwJ/3mRFU5eiMrMvsDScVTK2IEFsZE3hZOc=
github.com/onweru/compose v0.0.0-20201008121826-e8247b9bc410 h1:QK0Xxg0z6Oq3ZJKpK+43rbSpe+q/Z5dzBU2N+3UJEB8=
github.com/onweru/compose v0.0.0-20201008121826-e8247b9bc410/go.mod h1:tf1kQIBUcwJ/3mRFU5eiMrMvsDScVTK2IEFsZE3hZOc=
github.com/onweru/compose v0.0.0-20201008122408-49f4d42666f2 h1:ikuDTxJWps7D5f/ZvujVC9e3+VpH2sXgwD0X+GSyAXg=
github.com/onweru/compose v0.0.0-20201008122408-49f4d42666f2/go.mod h1:tf1kQIBUcwJ/3mRFU5eiMrMvsDScVTK2IEFsZE3hZOc=
github.com/onweru/compose v0.0.0-20201010204225-28567dd51bf4 h1:tn4ewCzKNHFBIzZiwk3+CcrW1Ljxt4m+i30zlmRUtIg=
github.com/onweru/compose v0.0.0-20201010204225-28567dd51bf4/go.mod h1:tf1kQIBUcwJ/3mRFU5eiMrMvsDScVTK2IEFsZE3hZOc=
github.com/onweru/compose v0.0.0-20201010205422-fddda669e1c2 h1:XmRzBg/SSGy2QqA1efr2nwWcU0KljTAfpeYjjKyDJMo=
github.com/onweru/compose v0.0.0-20201010205422-fddda669e1c2/go.mod h1:tf1kQIBUcwJ/3mRFU5eiMrMvsDScVTK2IEFsZE3hZOc=
github.com/onweru/compose v0.0.0-20201021163953-71169c94bc96 h1:UudmsVqRvqwhcwYt7JFEIoB6Hu8nRI2seZep1XfQJnM=
github.com/onweru/compose v0.0.0-20201021163953-71169c94bc96/go.mod h1:tf1kQIBUcwJ/3mRFU5eiMrMvsDScVTK2IEFsZE3hZOc=
github.com/onweru/compose v0.0.0-20201021164643-118b7b13ea6c h1:7wdWOVbI+KgTT96tVEjWH4WznWjxOClo24h+ZWQZo8s=
github.com/onweru/compose v0.0.0-20201021164643-118b7b13ea6c/go.mod h1:tf1kQIBUcwJ/3mRFU5eiMrMvsDScVTK2IEFsZE3hZOc=
github.com/onweru/compose v0.0.0-20201021170218-e838974b8f5f h1:2Apua/rWIFkSpKDXIIeOWhD80luwbtbVKTD9dQ5cijk=
github.com/onweru/compose v0.0.0-20201021170218-e838974b8f5f/go.mod h1:tf1kQIBUcwJ/3mRFU5eiMrMvsDScVTK2IEFsZE3hZOc=
github.com/onweru/compose v0.0.0-20201021170551-a59df0abf7f4 h1:14mtXdW9J1v4RQRgxdsl7Enba43dvnXac0e8pQ9LlUE=
github.com/onweru/compose v0.0.0-20201021170551-a59df0abf7f4/go.mod h1:tf1kQIBUcwJ/3mRFU5eiMrMvsDScVTK2IEFsZE3hZOc=
github.com/onweru/compose v0.0.0-20201021170635-a845fa556927 h1:mYMgewPZGN23KJvC2xEr81DMUSUTZXzPesQZkrq7Kkg=
github.com/onweru/compose v0.0.0-20201021170635-a845fa556927/go.mod h1:tf1kQIBUcwJ/3mRFU5eiMrMvsDScVTK2IEFsZE3hZOc=
github.com/onweru/compose v0.0.0-20201021174004-de1a2ca77ca3 h1:wYTFpkXTxIbz/JjM4q6kvQ31x1YtiP7YCXQbCfZGC1w=
github.com/onweru/compose v0.0.0-20201021174004-de1a2ca77ca3/go.mod h1:tf1kQIBUcwJ/3mRFU5eiMrMvsDScVTK2IEFsZE3hZOc=
github.com/onweru/compose v0.0.0-20201021174612-615fff9bf667 h1:Koi+u3FQThlSXUtB9dgt4rTvR62AJsRlpzkpwJuI5I8=
github.com/onweru/compose v0.0.0-20201021174612-615fff9bf667/go.mod h1:tf1kQIBUcwJ/3mRFU5eiMrMvsDScVTK2IEFsZE3hZOc=
github.com/onweru/compose v0.0.0-20201021175035-5e79b0ec418a h1:QQjKgcGuLZinA8JkzGArc3NoUoWa8CA5EwAc/rUF9mo=
github.com/onweru/compose v0.0.0-20201021175035-5e79b0ec418a/go.mod h1:tf1kQIBUcwJ/3mRFU5eiMrMvsDScVTK2IEFsZE3hZOc=
github.com/onweru/compose v0.0.0-20201021175222-4f400c8f8c2b h1:UbmT8hNWHL51jYVFojvoEUdrwI0k84yjsmjMpsmk8Z8=
github.com/onweru/compose v0.0.0-20201021175222-4f400c8f8c2b/go.mod h1:tf1kQIBUcwJ/3mRFU5eiMrMvsDScVTK2IEFsZE3hZOc=
github.com/onweru/compose v0.0.0-20201021175442-c7c21181a551 h1:khRcbAohqeaKiG4y5/hlzqM0fvXCSpCGnu3XARKv/Ns=
github.com/onweru/compose v0.0.0-20201021175442-c7c21181a551/go.mod h1:tf1kQIBUcwJ/3mRFU5eiMrMvsDScVTK2IEFsZE3hZOc=
github.com/onweru/compose v0.0.0-20201021180809-d1d3e930323f h1:XlOqXi6xOSYn9w6sWMnA06DwqbZD/AW88+32TgVA+1M=
github.com/onweru/compose v0.0.0-20201021180809-d1d3e930323f/go.mod h1:tf1kQIBUcwJ/3mRFU5eiMrMvsDScVTK2IEFsZE3hZOc=
github.com/onweru/compose v0.0.0-20201021184128-3450d45ed32b h1:Zju5PRRsMf2O4KdJzQMRYePI/bg/VOe8cIjl0//CqXs=
github.com/onweru/compose v0.0.0-20201021184128-3450d45ed32b/go.mod h1:tf1kQIBUcwJ/3mRFU5eiMrMvsDScVTK2IEFsZE3hZOc=
github.com/onweru/compose v0.0.0-20201021184405-d300d77457a3 h1:80tDm0wfah1LoStXeTZbFArFTWZgg9ajmP2egMT6+3U=
github.com/onweru/compose v0.0.0-20201021184405-d300d77457a3/go.mod h1:tf1kQIBUcwJ/3mRFU5eiMrMvsDScVTK2IEFsZE3hZOc=
github.com/onweru/compose v0.0.0-20201021185628-350f3ec7202a h1:Rj5eRcN8ID7wTWCliy4THUF4ioTbG+QoUIPLTefTaD0=
github.com/onweru/compose v0.0.0-20201021185628-350f3ec7202a/go.mod h1:tf1kQIBUcwJ/3mRFU5eiMrMvsDScVTK2IEFsZE3hZOc=
github.com/onweru/compose v0.0.0-20201021190329-2d2b0989cf82 h1:7gsZF4R9c9a1CZqKGeVtZGV9r5GldENWe9ahtacDHY8=
github.com/onweru/compose v0.0.0-20201021190329-2d2b0989cf82/go.mod h1:tf1kQIBUcwJ/3mRFU5eiMrMvsDScVTK2IEFsZE3hZOc=
github.com/onweru/compose v0.0.0-20201021190919-3b1f666a78a4 h1:WE9MMD/LLRQ1/I/69/gBYaZGvzi9H9310fdsXpgjVCY=
github.com/onweru/compose v0.0.0-20201021190919-3b1f666a78a4/go.mod h1:tf1kQIBUcwJ/3mRFU5eiMrMvsDScVTK2IEFsZE3hZOc=
github.com/onweru/compose v0.0.0-20201021192042-fe5cb067b2b6 h1:ntJT+RYeG8KWS//3N9pyVmeiwS+ptKobmF8Bsz7zFIU=
github.com/onweru/compose v0.0.0-20201021192042-fe5cb067b2b6/go.mod h1:tf1kQIBUcwJ/3mRFU5eiMrMvsDScVTK2IEFsZE3hZOc=
github.com/onweru/compose v0.0.0-20201021192330-521ff6fab570 h1:JJap8i6nvOVwgsZ8UlwELWsnBd0G0LvQVAup33Z90vA=
github.com/onweru/compose v0.0.0-20201021192330-521ff6fab570/go.mod h1:tf1kQIBUcwJ/3mRFU5eiMrMvsDScVTK2IEFsZE3hZOc=
github.com/onweru/compose v0.0.0-20201021192750-dd14b1b097ea h1:Yu4YIQPhd7J7zw29TVO3df3rJhGaXchpkHlEqUs3XGc=
github.com/onweru/compose v0.0.0-20201021192750-dd14b1b097ea/go.mod h1:tf1kQIBUcwJ/3mRFU5eiMrMvsDScVTK2IEFsZE3hZOc=
github.com/onweru/compose v0.0.0-20201021192900-ce1ce5689a67 h1:s00e1YRzRP3XKVhKZtSQ+AUd0TazN95CDSeyTG8Ouvw=
github.com/onweru/compose v0.0.0-20201021192900-ce1ce5689a67/go.mod h1:tf1kQIBUcwJ/3mRFU5eiMrMvsDScVTK2IEFsZE3hZOc=
github.com/onweru/compose v0.0.0-20201021193621-4f96ac1770ee h1:zECIIhinVWjQCAiOHqcafqZ48x8xgbshxEoNEwOqsQI=
github.com/onweru/compose v0.0.0-20201021193621-4f96ac1770ee/go.mod h1:tf1kQIBUcwJ/3mRFU5eiMrMvsDScVTK2IEFsZE3hZOc=
github.com/onweru/compose v0.0.0-20201021194001-a164d9aee922 h1:+88k9pKVVWjIGOOnHYW/zV5GOCxK6KjoNjH57gv3Jdo=
github.com/onweru/compose v0.0.0-20201021194001-a164d9aee922/go.mod h1:tf1kQIBUcwJ/3mRFU5eiMrMvsDScVTK2IEFsZE3hZOc=
github.com/onweru/compose v0.0.0-20201021194540-0f02f8b33641 h1:UzS+AVt8+OxOA3ISizsX39/c8ZGUU3gcsLcZfnR4JUU=
github.com/onweru/compose v0.0.0-20201021194540-0f02f8b33641/go.mod h1:tf1kQIBUcwJ/3mRFU5eiMrMvsDScVTK2IEFsZE3hZOc=
github.com/onweru/compose v0.0.0-20201114044806-342ee8535ae0 h1:HJ10u43C73zqNH8JjgJQS+6Zdg0Juta0Lo3e2eRBucY=
github.com/onweru/compose v0.0.0-20201114044806-342ee8535ae0/go.mod h1:tf1kQIBUcwJ/3mRFU5eiMrMvsDScVTK2IEFsZE3hZOc=
github.com/onweru/compose v0.0.0-20201127133714-261bcbad9b00 h1:3BuVhKh+gUq9fXurWkK4rmDRb3ldjb+Maz2GizMtCTo=
github.com/onweru/compose v0.0.0-20201127133714-261bcbad9b00/go.mod h1:tf1kQIBUcwJ/3mRFU5eiMrMvsDScVTK2IEFsZE3hZOc=
github.com/onweru/compose v0.0.0-20201128092456-b8ba681c96c3 h1:AJTiUrOlC9AyXE7+Xhbl4nhbKtoPA4DBGdOtzEEGFoI=
github.com/onweru/compose v0.0.0-20201128092456-b8ba681c96c3/go.mod h1:tf1kQIBUcwJ/3mRFU5eiMrMvsDScVTK2IEFsZE3hZOc=
github.com/onweru/compose v0.0.0-20201128124950-c8a10c8b9880 h1:+xMedjRVSuRwEZ23vtWy2ksMI0+0Wvrqq6CTNPEpuuQ=
github.com/onweru/compose v0.0.0-20201128124950-c8a10c8b9880/go.mod h1:tf1kQIBUcwJ/3mRFU5eiMrMvsDScVTK2IEFsZE3hZOc=
github.com/onweru/compose v0.0.0-20201129132514-211b9ea9e0a7 h1:uAi0vLn5Mcu6HdnBNNUfrOyRh73kQKjhLy5KUMGtf6c=
github.com/onweru/compose v0.0.0-20201129132514-211b9ea9e0a7/go.mod h1:tf1kQIBUcwJ/3mRFU5eiMrMvsDScVTK2IEFsZE3hZOc=
github.com/onweru/compose v0.0.0-20201130180534-fa4914e7415f h1:hL5XAMrWe+tus29HXJr8JTMP7L6SuxUgMH0SlDN4hSM=
github.com/onweru/compose v0.0.0-20201130180534-fa4914e7415f/go.mod h1:tf1kQIBUcwJ/3mRFU5eiMrMvsDScVTK2IEFsZE3hZOc=
github.com/onweru/compose v0.0.0-20201203162259-4492ef546c57 h1:R9xda/9fOt1eQdOMNS1mRwot2R40XJC+y4HaYT9cjR4=
github.com/onweru/compose v0.0.0-20201203162259-4492ef546c57/go.mod h1:tf1kQIBUcwJ/3mRFU5eiMrMvsDScVTK2IEFsZE3hZOc=
github.com/onweru/compose v0.0.0-20201206171046-1626fddc1ec8 h1:XkVCTal507IBN8zsqfqBaYSzGNj9XQq2xUIfp3E2DN0=
github.com/onweru/compose v0.0.0-20201206171046-1626fddc1ec8/go.mod h1:tf1kQIBUcwJ/3mRFU5eiMrMvsDScVTK2IEFsZE3hZOc=
github.com/onweru/compose v0.0.0-20201221201530-bce6744be91e h1:Plv27XxjrCdITkS75XCdzGVoYQP+7emsA+1NV173zBU=
github.com/onweru/compose v0.0.0-20201221201530-bce6744be91e/go.mod h1:tf1kQIBUcwJ/3mRFU5eiMrMvsDScVTK2IEFsZE3hZOc=
github.com/onweru/compose v0.0.0-20201227170239-5a520966eaaf h1:GtoRcMu5TiwjoLeozTCH6hGT+XBmsXFsztRhRhGOPhM=
github.com/onweru/compose v0.0.0-20201227170239-5a520966eaaf/go.mod h1:tf1kQIBUcwJ/3mRFU5eiMrMvsDScVTK2IEFsZE3hZOc=
github.com/onweru/compose v0.0.0-20201227171332-78e63714b371 h1:IiI3bvmBslOI59MzdyiJPzeJUpm+trce+ITAZyEkp0c=
github.com/onweru/compose v0.0.0-20201227171332-78e63714b371/go.mod h1:tf1kQIBUcwJ/3mRFU5eiMrMvsDScVTK2IEFsZE3hZOc=
github.com/onweru/compose v0.0.0-20201228135936-58a6ebcf6cda h1:MjOMGBNpzUbZMoJObKvE18HoMe/IncHFDlz5rszL/eY=
github.com/onweru/compose v0.0.0-20201228135936-58a6ebcf6cda/go.mod h1:tf1kQIBUcwJ/3mRFU5eiMrMvsDScVTK2IEFsZE3hZOc=
github.com/onweru/compose v0.0.0-20201228140035-ebd4adbb5ea3 h1:7mgrsmuQnAIm5WoY2eKkUmaxTVcOejUamteEAwxOy1U=
github.com/onweru/compose v0.0.0-20201228140035-ebd4adbb5ea3/go.mod h1:tf1kQIBUcwJ/3mRFU5eiMrMvsDScVTK2IEFsZE3hZOc=
github.com/onweru/compose v0.0.0-20201228144629-75926193c03d h1:4RgxKxlF0IfoPvisFlAEt8Z1Q/yJxfn+RiXKOFpeKKM=
github.com/onweru/compose v0.0.0-20201228144629-75926193c03d/go.mod h1:tf1kQIBUcwJ/3mRFU5eiMrMvsDScVTK2IEFsZE3hZOc=
github.com/onweru/compose v0.0.0-20210124161915-a5713514f442 h1:6PEXOQo5ppTRqyGvXa64xmVI9Q1Rz27pmZ2behUrt4A=
github.com/onweru/compose v0.0.0-20210124161915-a5713514f442/go.mod h1:tf1kQIBUcwJ/3mRFU5eiMrMvsDScVTK2IEFsZE3hZOc=
github.com/onweru/compose v0.0.0-20210126134026-0b25b7525669 h1:Os2y3f4ULz0hTnQvduhqs5UzxXl4T+akSnhXDtpvhh8=
github.com/onweru/compose v0.0.0-20210126134026-0b25b7525669/go.mod h1:tf1kQIBUcwJ/3mRFU5eiMrMvsDScVTK2IEFsZE3hZOc=
github.com/onweru/compose v0.0.0-20210127153304-a03f248319a9 h1:5P3NnL57tMAHlsBKRcO57dOh89gjs5S5gPnch/rl378=
github.com/onweru/compose v0.0.0-20210127153304-a03f248319a9/go.mod h1:tf1kQIBUcwJ/3mRFU5eiMrMvsDScVTK2IEFsZE3hZOc=
github.com/onweru/compose v0.0.0-20210127153613-7065c3e6448a h1:4bUjg5uQlCiwzjMYaid0DRq4f1CKOUJUzuApt0PJ12o=
github.com/onweru/compose v0.0.0-20210127153613-7065c3e6448a/go.mod h1:tf1kQIBUcwJ/3mRFU5eiMrMvsDScVTK2IEFsZE3hZOc=
github.com/onweru/compose v0.0.0-20210130124747-043bd49191d5 h1:9RzdW/Iwmoe8WlhReFm32ScNEOm9ayd9r6F75eWoep0=
github.com/onweru/compose v0.0.0-20210130124747-043bd49191d5/go.mod h1:tf1kQIBUcwJ/3mRFU5eiMrMvsDScVTK2IEFsZE3hZOc=
github.com/onweru/compose v0.0.0-20210131005005-e750e05b63fc h1:u/4ZM80MMkK+/2BkrTwZh0xSuLzhY4T/nrho3GYjjes=
github.com/onweru/compose v0.0.0-20210131005005-e750e05b63fc/go.mod h1:tf1kQIBUcwJ/3mRFU5eiMrMvsDScVTK2IEFsZE3hZOc=
github.com/onweru/compose v0.0.0-20210131010041-970704432513 h1:mz5GMLeHArvUS4lr2JCgjOFz0Q81a8y1hjY3MMbcdhM=
github.com/onweru/compose v0.0.0-20210131010041-970704432513/go.mod h1:tf1kQIBUcwJ/3mRFU5eiMrMvsDScVTK2IEFsZE3hZOc=
github.com/onweru/compose v0.0.0-20210131010156-3d5c30329d77 h1:iBY7ehzCDLpy3dfqrYlF1cxwFiu/jln6HNhy8VzUal8=
github.com/onweru/compose v0.0.0-20210131010156-3d5c30329d77/go.mod h1:tf1kQIBUcwJ/3mRFU5eiMrMvsDScVTK2IEFsZE3hZOc=
github.com/onweru/compose v0.0.0-20210131033911-e106802b3505 h1:Ovu5ydj4a3lKlU0caXjJLOSSKFjocd1PVvQGz2z3nXg=
github.com/onweru/compose v0.0.0-20210131033911-e106802b3505/go.mod h1:tf1kQIBUcwJ/3mRFU5eiMrMvsDScVTK2IEFsZE3hZOc=
github.com/onweru/compose v0.0.0-20210131042543-4aca05ef578d h1:9969I4oCvQNlkjX2paKk+nAxrkM8QX01wl7UROgTY+Q=
github.com/onweru/compose v0.0.0-20210131042543-4aca05ef578d/go.mod h1:tf1kQIBUcwJ/3mRFU5eiMrMvsDScVTK2IEFsZE3hZOc=
github.com/onweru/compose v0.0.0-20210131043449-7335477f0054 h1:4smUEiMOxdZCoESzp+O16CguknloyfD12mWhuDci8Y0=
github.com/onweru/compose v0.0.0-20210131043449-7335477f0054/go.mod h1:tf1kQIBUcwJ/3mRFU5eiMrMvsDScVTK2IEFsZE3hZOc=
github.com/onweru/compose v0.0.0-20210131052009-18d57dd16bb0 h1:XC6lxuOoDiQhIXHPXfKRosyNNBTG4/wlOc6QSj7RAno=
github.com/onweru/compose v0.0.0-20210131052009-18d57dd16bb0/go.mod h1:tf1kQIBUcwJ/3mRFU5eiMrMvsDScVTK2IEFsZE3hZOc=
github.com/onweru/compose v0.0.0-20210204153750-9331e4f50b68 h1:/mt7RWz6xOhtymUz7sWooh+RRxT4645YFICEywVeDpQ=
github.com/onweru/compose v0.0.0-20210204153750-9331e4f50b68/go.mod h1:tf1kQIBUcwJ/3mRFU5eiMrMvsDScVTK2IEFsZE3hZOc=
github.com/onweru/compose v0.0.0-20210204160442-ba75a7400ed6 h1:p4QinP7ojEvKOexchEr5HsuYeiBcYmVCn6a//gAddK8=
github.com/onweru/compose v0.0.0-20210204160442-ba75a7400ed6/go.mod h1:tf1kQIBUcwJ/3mRFU5eiMrMvsDScVTK2IEFsZE3hZOc=
github.com/onweru/compose v0.0.0-20210204161020-3b114e43c534 h1:NtL3eJHupwIOBm92Z7XnJ9aaX2dLZ8ykzqkdYNOHn8Y=
github.com/onweru/compose v0.0.0-20210204161020-3b114e43c534/go.mod h1:tf1kQIBUcwJ/3mRFU5eiMrMvsDScVTK2IEFsZE3hZOc=
github.com/onweru/compose v0.0.0-20210204161120-fc5d5e82ecf9 h1:VrbsD/faLF8YL3bvKudETXsGwyoXYBT1FatdfyXVplY=
github.com/onweru/compose v0.0.0-20210204161120-fc5d5e82ecf9/go.mod h1:tf1kQIBUcwJ/3mRFU5eiMrMvsDScVTK2IEFsZE3hZOc=
github.com/onweru/compose v0.0.0-20210204161300-a2d306fc5f5d h1:xPy1dEMcJPXyxWlAI4iwBD4BqJ/qBCDApciBpgqQJtc=
github.com/onweru/compose v0.0.0-20210204161300-a2d306fc5f5d/go.mod h1:tf1kQIBUcwJ/3mRFU5eiMrMvsDScVTK2IEFsZE3hZOc=
github.com/onweru/compose v0.0.0-20210209175519-8ce9375a3199 h1:AJDB9LlnRWD0Rx0nJeSpA7348igKzfAzOtXz5Cos80M=
github.com/onweru/compose v0.0.0-20210209175519-8ce9375a3199/go.mod h1:tf1kQIBUcwJ/3mRFU5eiMrMvsDScVTK2IEFsZE3hZOc=
github.com/onweru/compose v0.0.0-20210210164857-d73ed631861a h1:9kP8FJIwkC1NYkZ3hpU5i4wId6KAk0Ovc1JcyDl6vEs=
github.com/onweru/compose v0.0.0-20210210164857-d73ed631861a/go.mod h1:tf1kQIBUcwJ/3mRFU5eiMrMvsDScVTK2IEFsZE3hZOc=
github.com/onweru/compose v0.0.0-20210210171312-ec3ff11f4002 h1:IZFhImuiL8EVFA/Caas9NDBPVFkNQc67DrV1LJi45Z4=
github.com/onweru/compose v0.0.0-20210210171312-ec3ff11f4002/go.mod h1:tf1kQIBUcwJ/3mRFU5eiMrMvsDScVTK2IEFsZE3hZOc=
github.com/onweru/compose v0.0.0-20210210194600-302c901a2e44 h1:h6KdZQp1kpVe8YMWjMsWWu9iVAbTU3CoXRU3lttxCBY=
github.com/onweru/compose v0.0.0-20210210194600-302c901a2e44/go.mod h1:tf1kQIBUcwJ/3mRFU5eiMrMvsDScVTK2IEFsZE3hZOc=
github.com/onweru/compose v0.0.0-20210213203223-6971b3db7684 h1:AUntJnjwqjPFUr/liUeKcbbe8dA7ANTcEozUIvuim+g=
github.com/onweru/compose v0.0.0-20210213203223-6971b3db7684/go.mod h1:tf1kQIBUcwJ/3mRFU5eiMrMvsDScVTK2IEFsZE3hZOc=
github.com/onweru/compose v0.0.0-20210213203306-aec7d9b07d12 h1:ujlJ+9ZENudXTzQqhYp0Lkf8cufPayKNAsEfBAmK6xY=
github.com/onweru/compose v0.0.0-20210213203306-aec7d9b07d12/go.mod h1:tf1kQIBUcwJ/3mRFU5eiMrMvsDScVTK2IEFsZE3hZOc=
github.com/onweru/compose v0.0.0-20210213204507-6e0a35f8a308 h1:QTlPRqYRBqNk7TdVr83PVqx6usP99bjeDVreoBXrMwk=
github.com/onweru/compose v0.0.0-20210213204507-6e0a35f8a308/go.mod h1:tf1kQIBUcwJ/3mRFU5eiMrMvsDScVTK2IEFsZE3hZOc=
github.com/onweru/compose v0.0.0-20210213204617-66b366163e65 h1:0Q5d1PfZmUrqI8Lqgi3D3fW+kMjvTvALtRB65LB6djI=
github.com/onweru/compose v0.0.0-20210213204617-66b366163e65/go.mod h1:tf1kQIBUcwJ/3mRFU5eiMrMvsDScVTK2IEFsZE3hZOc=
github.com/onweru/compose v0.0.0-20210222222437-6c4f1c807724 h1:xb77Or8etaZuHUGOojRkHfM2OQeCU9EH1eIHAQ02LQ0=
github.com/onweru/compose v0.0.0-20210222222437-6c4f1c807724/go.mod h1:tf1kQIBUcwJ/3mRFU5eiMrMvsDScVTK2IEFsZE3hZOc=
github.com/onweru/compose v0.0.0-20210224223901-8dbb193ddbe3 h1:go0CBCDJXSfRd/pCUpmNAsj8KdWh1rUBbLxh6gFMpY8=
github.com/onweru/compose v0.0.0-20210224223901-8dbb193ddbe3/go.mod h1:tf1kQIBUcwJ/3mRFU5eiMrMvsDScVTK2IEFsZE3hZOc=
github.com/onweru/compose v0.0.0-20210226153626-1b67f9ccc7f8 h1:g7NXBSkGk/WR160Nxqc2YdtDLJiGdhIqlGhPlOtvi2c=
github.com/onweru/compose v0.0.0-20210226153626-1b67f9ccc7f8/go.mod h1:tf1kQIBUcwJ/3mRFU5eiMrMvsDScVTK2IEFsZE3hZOc=
github.com/onweru/compose v0.0.0-20210301150901-5c5213307e62 h1:pZ3rYbYQjY/YArAvbdiHTgp+hzRDinMczy0tCwuAN9Y=
github.com/onweru/compose v0.0.0-20210301150901-5c5213307e62/go.mod h1:tf1kQIBUcwJ/3mRFU5eiMrMvsDScVTK2IEFsZE3hZOc=
github.com/onweru/compose v0.0.0-20210309133307-8a3113c43d31 h1:8xkpWOA0lGo296VNwYzoc8pxh593/T2qRDw4+e+GkuE=
github.com/onweru/compose v0.0.0-20210309133307-8a3113c43d31/go.mod h1:tf1kQIBUcwJ/3mRFU5eiMrMvsDScVTK2IEFsZE3hZOc=
github.com/onweru/compose v0.0.0-20210312153401-7f1c7da6d155 h1:EDrVXssmI+WiQ1KgYizL8qTR43e+vRvtrlwOSs1xRkU=
github.com/onweru/compose v0.0.0-20210312153401-7f1c7da6d155/go.mod h1:tf1kQIBUcwJ/3mRFU5eiMrMvsDScVTK2IEFsZE3hZOc=
github.com/onweru/compose v0.0.0-20210330103531-e7e0ba391d6a h1:rpCp0Sg4jjcM1EwdFq3mYoMXz/X3ejm1YXPR8ONetUw=
github.com/onweru/compose v0.0.0-20210330103531-e7e0ba391d6a/go.mod h1:tf1kQIBUcwJ/3mRFU5eiMrMvsDScVTK2IEFsZE3hZOc=
github.com/onweru/compose v0.0.0-20210406232155-ff1e43943280 h1:CFctzrbQxiwVhPZUjAiwIXYg3RfdeF8koX10fJBoH/Y=
github.com/onweru/compose v0.0.0-20210406232155-ff1e43943280/go.mod h1:tf1kQIBUcwJ/3mRFU5eiMrMvsDScVTK2IEFsZE3hZOc=
github.com/onweru/compose v0.0.0-20210406234030-8e6061ff2c8e h1:9QnqTOic8SuPUjckFyjf4fmI75KH5bx0jaYNLera9Hs=
github.com/onweru/compose v0.0.0-20210406234030-8e6061ff2c8e/go.mod h1:tf1kQIBUcwJ/3mRFU5eiMrMvsDScVTK2IEFsZE3hZOc=
github.com/onweru/compose v0.0.0-20210414230317-e7b3ea9ebfe4 h1:NQrpHqTpGZcUSanooOC2b522IJZOw+enL8iRDugrMcQ=
github.com/onweru/compose v0.0.0-20210414230317-e7b3ea9ebfe4/go.mod h1:tf1kQIBUcwJ/3mRFU5eiMrMvsDScVTK2IEFsZE3hZOc=
github.com/onweru/compose v0.0.0-20210415143632-5e4de2adde5f h1:iSKlLvku3SNGOrJEffSjSwkYq+edM12C2nmUXZFWF0E=
github.com/onweru/compose v0.0.0-20210415143632-5e4de2adde5f/go.mod h1:tf1kQIBUcwJ/3mRFU5eiMrMvsDScVTK2IEFsZE3hZOc=
github.com/onweru/compose v0.0.0-20210415153638-a7ebb4827998 h1:ihz6pmmMBL7qjLcDENNS+iz1YL1Em5xWeoqLxQxnPYQ=
github.com/onweru/compose v0.0.0-20210415153638-a7ebb4827998/go.mod h1:tf1kQIBUcwJ/3mRFU5eiMrMvsDScVTK2IEFsZE3hZOc=
github.com/onweru/compose v0.0.0-20210430153828-b0b7c86cc0d9 h1:sAZZceW6Uq/2ZrKOUa4hFLP0EQvnFDlvnwCFTvmSvIg=
github.com/onweru/compose v0.0.0-20210430153828-b0b7c86cc0d9/go.mod h1:tf1kQIBUcwJ/3mRFU5eiMrMvsDScVTK2IEFsZE3hZOc=
github.com/onweru/compose v0.0.0-20210502152903-185aafcedecd h1:V7uk7wLlMZExjXZ7NgKETWK8HY6rAy5gUAmKejrdOYw=
github.com/onweru/compose v0.0.0-20210502152903-185aafcedecd/go.mod h1:tf1kQIBUcwJ/3mRFU5eiMrMvsDScVTK2IEFsZE3hZOc=
github.com/onweru/compose v0.0.0-20210506210640-600d54dc04fe h1:Jl+mf1hdTD0aOBmQTHqxd1FOWi64HpVUNMOByh+lrI4=
github.com/onweru/compose v0.0.0-20210506210640-600d54dc04fe/go.mod h1:tf1kQIBUcwJ/3mRFU5eiMrMvsDScVTK2IEFsZE3hZOc=
github.com/onweru/compose v0.0.0-20210506215729-3f2ccb9b9acb h1:SH3djUTpikGJyj4ydrEaBc6AbJW0Ajpu/GTfA/yjE08=
github.com/onweru/compose v0.0.0-20210506215729-3f2ccb9b9acb/go.mod h1:tf1kQIBUcwJ/3mRFU5eiMrMvsDScVTK2IEFsZE3hZOc=
github.com/onweru/compose v0.0.0-20211214140020-8242779b31f2 h1:lkxCKkH4AXDrJyRv+/GT41oeUYblNe0kzrMKSKZYFXc=
github.com/onweru/compose v0.0.0-20211214140020-8242779b31f2/go.mod h1:tf1kQIBUcwJ/3mRFU5eiMrMvsDScVTK2IEFsZE3hZOc=
github.com/onweru/compose v0.0.0-20211214142049-153714b2b9a6 h1:8lhj4OxL5JSaEsrs89xcoPOYHejSMEl7AzW/MX5eDe4=
github.com/onweru/compose v0.0.0-20211214142049-153714b2b9a6/go.mod h1:tf1kQIBUcwJ/3mRFU5eiMrMvsDScVTK2IEFsZE3hZOc=
github.com/onweru/compose v0.0.0-20211214142651-deed342a7846 h1:eIvsGKnMt5fCe09HulPHYEn6IO+QGjHjPMUs2escpnY=
github.com/onweru/compose v0.0.0-20211214142651-deed342a7846/go.mod h1:tf1kQIBUcwJ/3mRFU5eiMrMvsDScVTK2IEFsZE3hZOc=
github.com/onweru/compose v0.0.0-20211214150226-c742721de729 h1:uqpu3MRBAPxQpqEBq8oPuQu05BHmQox1vjqa0ykcMws=
github.com/onweru/compose v0.0.0-20211214150226-c742721de729/go.mod h1:tf1kQIBUcwJ/3mRFU5eiMrMvsDScVTK2IEFsZE3hZOc=
github.com/onweru/compose v0.0.0-20211214150643-89fe30e71f6b h1:TyJ8mhSfUDDl0pSJo2nywn31hXpDFf7K+Mdn40tQC2A=
github.com/onweru/compose v0.0.0-20211214150643-89fe30e71f6b/go.mod h1:tf1kQIBUcwJ/3mRFU5eiMrMvsDScVTK2IEFsZE3hZOc=
github.com/onweru/compose v0.0.0-20211214152438-ce90676ec090 h1:8lZSF5Iahe26t5q5RrLnRKr2+eDBbbgYyI0ICboFSvU=
github.com/onweru/compose v0.0.0-20211214152438-ce90676ec090/go.mod h1:tf1kQIBUcwJ/3mRFU5eiMrMvsDScVTK2IEFsZE3hZOc=
github.com/onweru/compose v0.0.0-20211217155542-0ac874fdf11a h1:FWwq5CHbctK7hiM2/qyG4BxhK55A6/MNkBo/nm/Wu3E=
github.com/onweru/compose v0.0.0-20211217155542-0ac874fdf11a/go.mod h1:tf1kQIBUcwJ/3mRFU5eiMrMvsDScVTK2IEFsZE3hZOc=
github.com/onweru/compose v0.0.0-20220131221540-e64c1b90bedb h1:ng6lL4gD9vVNaESBJ8P50cGGvqtngx1S485WknP6Pnc=
github.com/onweru/compose v0.0.0-20220131221540-e64c1b90bedb/go.mod h1:tf1kQIBUcwJ/3mRFU5eiMrMvsDScVTK2IEFsZE3hZOc=
github.com/onweru/compose v0.0.0-20220131223354-2e884f5b05ff h1:mAyDpj8HHDybJXOTJK34g17lvGv5DpTL++FW7GBQdfI=
github.com/onweru/compose v0.0.0-20220131223354-2e884f5b05ff/go.mod h1:tf1kQIBUcwJ/3mRFU5eiMrMvsDScVTK2IEFsZE3hZOc=
github.com/onweru/compose v0.0.0-20220131223935-37a70669b579 h1:YrGNBJMmECIujQTvzHsgNcKvK4fCRBJPjQ/CCFznyfI=
github.com/onweru/compose v0.0.0-20220131223935-37a70669b579/go.mod h1:tf1kQIBUcwJ/3mRFU5eiMrMvsDScVTK2IEFsZE3hZOc=
github.com/onweru/compose v0.0.0-20220131224949-17403bce6163 h1:SLXV26hYbYE0zEMo3jHuBdlDJqalcZzFe//oYEotXrQ=
github.com/onweru/compose v0.0.0-20220131224949-17403bce6163/go.mod h1:tf1kQIBUcwJ/3mRFU5eiMrMvsDScVTK2IEFsZE3hZOc=
github.com/onweru/compose v0.0.0-20220131230834-1b61f09eea2a h1:sbxlqegWWMUl1EpKvz110tKIlI8Tgrjk/Da1HKUtqUw=
github.com/onweru/compose v0.0.0-20220131230834-1b61f09eea2a/go.mod h1:tf1kQIBUcwJ/3mRFU5eiMrMvsDScVTK2IEFsZE3hZOc=
github.com/onweru/compose v0.0.0-20220131233504-ff693a0f9e9d h1:pbtSqDhoriw5JHbiw3GJyMBFU82ZqD4M8GFe/1bNiDc=
github.com/onweru/compose v0.0.0-20220131233504-ff693a0f9e9d/go.mod h1:tf1kQIBUcwJ/3mRFU5eiMrMvsDScVTK2IEFsZE3hZOc=
github.com/onweru/compose v0.0.0-20220201002401-8fc05ebec231 h1:wNtaIQ7jJPCOi/KU4CvD89R8dhoXfga2rpJaZ90a7Kk=
github.com/onweru/compose v0.0.0-20220201002401-8fc05ebec231/go.mod h1:tf1kQIBUcwJ/3mRFU5eiMrMvsDScVTK2IEFsZE3hZOc=
github.com/onweru/compose v0.0.0-20220201002706-19dcf4f70f4a h1:G4nU+9JMPiVjuCUONovpvWYeFYd2usmxU6gjMbcJJMc=
github.com/onweru/compose v0.0.0-20220201002706-19dcf4f70f4a/go.mod h1:tf1kQIBUcwJ/3mRFU5eiMrMvsDScVTK2IEFsZE3hZOc=
github.com/onweru/compose v0.0.0-20220201011553-09a8e1b4a4c3 h1:+0s7j6cuw2l2fedqcDMAoPsj2AWl44KnuZPAdaUiNno=
github.com/onweru/compose v0.0.0-20220201011553-09a8e1b4a4c3/go.mod h1:tf1kQIBUcwJ/3mRFU5eiMrMvsDScVTK2IEFsZE3hZOc=
github.com/onweru/compose v0.0.0-20220613153347-85c7d9009d53 h1:Y04Lu7fMoOz+C9PdMWIqYdqfO0EwbxbaaJrmwGOmNZk=
github.com/onweru/compose v0.0.0-20220613153347-85c7d9009d53/go.mod h1:tf1kQIBUcwJ/3mRFU5eiMrMvsDScVTK2IEFsZE3hZOc=
github.com/onweru/compose v0.0.0-20220613153906-17d886cf4af7 h1:ukWfKHCT0Hwn25r3XDkdPM6MzIzRFo460pq72aslIc8=
github.com/onweru/compose v0.0.0-20220613153906-17d886cf4af7/go.mod h1:tf1kQIBUcwJ/3mRFU5eiMrMvsDScVTK2IEFsZE3hZOc=
github.com/onweru/compose v0.0.0-20220613154008-94eca169c565 h1:A0O9ceHNjZx+f01g0vcEGcdTXgOanQeR/D8qiitYerI=
github.com/onweru/compose v0.0.0-20220613154008-94eca169c565/go.mod h1:tf1kQIBUcwJ/3mRFU5eiMrMvsDScVTK2IEFsZE3hZOc=
github.com/onweru/compose v0.0.0-20220613160631-5be4d7fe9437 h1:6fMlXV26iNJk8TTQbYv6baJx4+nvrrspjlYlgCjI23o=
github.com/onweru/compose v0.0.0-20220613160631-5be4d7fe9437/go.mod h1:tf1kQIBUcwJ/3mRFU5eiMrMvsDScVTK2IEFsZE3hZOc=
github.com/onweru/compose v0.0.0-20221229203731-77cbaaa296ce h1:SAap40G3K+QdFacjBWcgfMj7Qyv8T9qXvfAKTGGrMyk=
github.com/onweru/compose v0.0.0-20221229203731-77cbaaa296ce/go.mod h1:tf1kQIBUcwJ/3mRFU5eiMrMvsDScVTK2IEFsZE3hZOc=
github.com/onweru/compose v0.0.0-20221230112033-882a2a3d9d3b h1:WDFor/3L6oMz8V+F1WMopxWPw2Cqdak2wA8vRr0Fdkk=
github.com/onweru/compose v0.0.0-20221230112033-882a2a3d9d3b/go.mod h1:tf1kQIBUcwJ/3mRFU5eiMrMvsDScVTK2IEFsZE3hZOc=
github.com/onweru/compose v0.0.0-20221230112538-1d51381bc2f6 h1:X3ZGW6ZSRJOVYDog4BIN4LeWHPjx/8cJTSKtuz5rK50=
github.com/onweru/compose v0.0.0-20221230112538-1d51381bc2f6/go.mod h1:tf1kQIBUcwJ/3mRFU5eiMrMvsDScVTK2IEFsZE3hZOc=
github.com/onweru/compose v0.0.0-20230119130833-e106caa15d62 h1:3a7x3pLsvzqbxbveby7BLxBSsFE2ePpLL7aRjCPxXfA=
github.com/onweru/compose v0.0.0-20230119130833-e106caa15d62/go.mod h1:tf1kQIBUcwJ/3mRFU5eiMrMvsDScVTK2IEFsZE3hZOc=
github.com/onweru/compose v0.0.0-20230123162251-ceaf306671ac h1:DUih97iWCvI5MFwmTxBiR3bt5Rrf1XV/Go+T99GpsdM=
github.com/onweru/compose v0.0.0-20230123162251-ceaf306671ac/go.mod h1:tf1kQIBUcwJ/3mRFU5eiMrMvsDScVTK2IEFsZE3hZOc=
github.com/onweru/compose v0.0.0-20230124183858-9412f10b0de5 h1:5aakRf8ExXEffuyhraIMQ/dbPWeIOdD5s2rrqtzaWIc=
github.com/onweru/compose v0.0.0-20230124183858-9412f10b0de5/go.mod h1:tf1kQIBUcwJ/3mRFU5eiMrMvsDScVTK2IEFsZE3hZOc=
